
Microsoft Visual Studio Solution File, Format Version 12.00
# Visual Studio Version 16
VisualStudioVersion = 16.0.29318.209
MinimumVisualStudioVersion = 10.0.40219.1
Project("{FAE04EC0-301F-11D3-BF4B-00C04F79EFBC}") = "DeveloperTask", "DeveloperTask\DeveloperTask.csproj", "{67A8706A-0ABD-482A-8C6E-9037C3BA3ACF}"
EndProject
Global
	GlobalSection(SolutionConfigurationPlatforms) = preSolution
		Debug|Any CPU = Debug|Any CPU
		Release|Any CPU = Release|Any CPU
	EndGlobalSection
	GlobalSection(ProjectConfigurationPlatforms) = postSolution
		{67A8706A-0ABD-482A-8C6E-9037C3BA3ACF}.Debug|Any CPU.ActiveCfg = Debug|Any CPU
		{67A8706A-0ABD-482A-8C6E-9037C3BA3ACF}.Debug|Any CPU.Build.0 = Debug|Any CPU
		{67A8706A-0ABD-482A-8C6E-9037C3BA3ACF}.Release|Any CPU.ActiveCfg = Release|Any CPU
		{67A8706A-0ABD-482A-8C6E-9037C3BA3ACF}.Release|Any CPU.Build.0 = Release|Any CPU
	EndGlobalSection
	GlobalSection(SolutionProperties) = preSolution
		HideSolutionNode = FALSE
	EndGlobalSection
	GlobalSection(ExtensibilityGlobals) = postSolution
		SolutionGuid = {6E746F73-9EA3-4437-9B24-EEC6ECDA65B9}
	EndGlobalSection
EndGlobal
